{
  "nodes": {
    "flake-compat": {
      "flake": false,
      "locked": {
        "lastModified": 1733328505,
        "narHash": "sha256-NeCCThCEP3eCl2l/+27kNNK7QrwZB1IJCrXfrbv5oqU=",
        "owner": "edolstra",
        "repo": "flake-compat",
        "rev": "ff81ac966bb2cae68946d5ed5fc4994f96d0ffec",
        "type": "github"
      },
      "original": {
        "owner": "edolstra",
        "repo": "flake-compat",
        "type": "github"
      }
    },
    "home-manager": {
      "inputs": {
        "nixpkgs": [
          "nixpkgs"
        ]
      },
      "locked": {
        "lastModified": 1733769654,
        "narHash": "sha256-aVvYDt8eitZVF6fdOrSoIzYRkQ5Gh6kfRvqkiaDRLL0=",
        "owner": "nix-community",
        "repo": "home-manager",
        "rev": "e952e94955dcc6fa2120c1430789fc41363f5237",
        "type": "github"
      },
      "original": {
        "owner": "nix-community",
        "repo": "home-manager",
        "type": "github"
      }
    },
    "nixpkgs": {
      "locked": {
        "lastModified": 1733759999,
        "narHash": "sha256-463SNPWmz46iLzJKRzO3Q2b0Aurff3U1n0nYItxq7jU=",
        "owner": "nixos",
        "repo": "nixpkgs",
        "rev": "a73246e2eef4c6ed172979932bc80e1404ba2d56",
        "type": "github"
      },
      "original": {
        "owner": "nixos",
        "ref": "nixos-unstable",
        "repo": "nixpkgs",
        "type": "github"
      }
    },
    "root": {
      "inputs": {
        "home-manager": "home-manager",
        "nixpkgs": "nixpkgs",
        "spicetify-nix": "spicetify-nix",
        "wallpapers": "wallpapers",
        "zen-browser": "zen-browser"
      }
    },
    "spicetify-nix": {
      "inputs": {
        "flake-compat": "flake-compat",
        "nixpkgs": [
          "nixpkgs"
        ]
      },
      "locked": {
        "lastModified": 1733804223,
        "narHash": "sha256-xEalVFfRxx2kpVbMnfDFBV6srCFWzbpdi7h+FofgHGo=",
        "owner": "Gerg-L",
        "repo": "spicetify-nix",
        "rev": "a0fa48ec6348f88598b3ef2b4581a9f4c8ccd178",
        "type": "github"
      },
      "original": {
        "owner": "Gerg-L",
        "repo": "spicetify-nix",
        "type": "github"
      }
    },
    "wallpapers": {
      "flake": false,
      "locked": {
        "lastModified": 1727970769,
        "narHash": "sha256-tOgibPzYIcRXqAmxe3/+VlNSnQVtnoV3IV4bAX+kVPc=",
        "owner": "chilipizdrick",
        "repo": "wallpapers",
        "rev": "5cb2842866d2dd5f794aeafe5c854150cc833d4a",
        "type": "github"
      },
      "original": {
        "owner": "chilipizdrick",
        "repo": "wallpapers",
        "type": "github"
      }
    },
    "zen-browser": {
      "inputs": {
        "nixpkgs": [
          "nixpkgs"
        ]
      },
      "locked": {
        "lastModified": 1734232136,
        "narHash": "sha256-rQd9jiPTGVchefiwJhx1xUlCLcnOCWQ7KlQ+Pkio9zU=",
        "owner": "0xc000022070",
        "repo": "zen-browser-flake",
        "rev": "6acd5e9515e0d53347b7883ac02ac7ab4bd03a2c",
        "type": "github"
      },
      "original": {
        "owner": "0xc000022070",
        "repo": "zen-browser-flake",
        "type": "github"
      }
    }
  },
  "root": "root",
  "version": 7
}
