{
  "nodes": {
    "fenix": {
      "inputs": {
        "nixpkgs": [
          "nixpkgs"
        ],
        "rust-analyzer-src": "rust-analyzer-src"
      },
      "locked": {
        "lastModified": 1748759782,
        "narHash": "sha256-MJNhEBsAbxRp/53qsXv6/eaWkGS8zMGX9LuCz1BLeck=",
        "owner": "nix-community",
        "repo": "fenix",
        "rev": "9be40ad995bac282160ff374a47eed67c74f9c2a",
        "type": "github"
      },
      "original": {
        "owner": "nix-community",
        "ref": "monthly",
        "repo": "fenix",
        "type": "github"
      }
    },
    "flake-parts": {
      "inputs": {
        "nixpkgs-lib": "nixpkgs-lib"
      },
      "locked": {
        "lastModified": 1749398372,
        "narHash": "sha256-tYBdgS56eXYaWVW3fsnPQ/nFlgWi/Z2Ymhyu21zVM98=",
        "owner": "hercules-ci",
        "repo": "flake-parts",
        "rev": "9305fe4e5c2a6fcf5ba6a3ff155720fbe4076569",
        "type": "github"
      },
      "original": {
        "owner": "hercules-ci",
        "repo": "flake-parts",
        "type": "github"
      }
    },
    "flint": {
      "inputs": {
        "nixpkgs": [
          "nixpkgs"
        ]
      },
      "locked": {
        "lastModified": 1749643447,
        "narHash": "sha256-KAzQ7kPqtlGG+IOWFMJjr/ht9PS59OBSl2chvYAM8p8=",
        "owner": "NotAShelf",
        "repo": "flint",
        "rev": "2f613ad00b9dc217cbe2523fbb9c13d90fb970b0",
        "type": "github"
      },
      "original": {
        "owner": "NotAShelf",
        "repo": "flint",
        "type": "github"
      }
    },
    "hijacker": {
      "inputs": {
        "flake-parts": [
          "flake-parts"
        ],
        "nixpkgs": [
          "nixpkgs"
        ]
      },
      "locked": {
        "lastModified": 1747301293,
        "narHash": "sha256-syALssnKWvcYGsoyfgmDVr74U3ji+kZNLFgDzfmlDY8=",
        "owner": "chilipizdrick",
        "repo": "hijacker",
        "rev": "023cdd82612d0b5e91b95afc01a4e418be403498",
        "type": "github"
      },
      "original": {
        "owner": "chilipizdrick",
        "repo": "hijacker",
        "type": "github"
      }
    },
    "home-manager": {
      "inputs": {
        "nixpkgs": [
          "nixpkgs"
        ]
      },
      "locked": {
        "lastModified": 1749944797,
        "narHash": "sha256-1l6ZW+2+LDQhYgE4fo2KsM2Ms3lY3ZXv0n6uKka2yMk=",
        "owner": "nix-community",
        "repo": "home-manager",
        "rev": "c5f345153397f62170c18ded1ae1f0875201d49a",
        "type": "github"
      },
      "original": {
        "owner": "nix-community",
        "repo": "home-manager",
        "type": "github"
      }
    },
    "nixpkgs": {
      "locked": {
        "lastModified": 1749794982,
        "narHash": "sha256-Kh9K4taXbVuaLC0IL+9HcfvxsSUx8dPB5s5weJcc9pc=",
        "owner": "nixos",
        "repo": "nixpkgs",
        "rev": "ee930f9755f58096ac6e8ca94a1887e0534e2d81",
        "type": "github"
      },
      "original": {
        "owner": "nixos",
        "ref": "nixos-unstable",
        "repo": "nixpkgs",
        "type": "github"
      }
    },
    "nixpkgs-lib": {
      "locked": {
        "lastModified": 1748740939,
        "narHash": "sha256-rQaysilft1aVMwF14xIdGS3sj1yHlI6oKQNBRTF40cc=",
        "owner": "nix-community",
        "repo": "nixpkgs.lib",
        "rev": "656a64127e9d791a334452c6b6606d17539476e2",
        "type": "github"
      },
      "original": {
        "owner": "nix-community",
        "repo": "nixpkgs.lib",
        "type": "github"
      }
    },
    "root": {
      "inputs": {
        "fenix": "fenix",
        "flake-parts": "flake-parts",
        "flint": "flint",
        "hijacker": "hijacker",
        "home-manager": "home-manager",
        "nixpkgs": "nixpkgs",
        "scripts": "scripts",
        "sl1": "sl1",
        "spicetify-nix": "spicetify-nix",
        "systems": "systems",
        "wallpapers": "wallpapers",
        "zen-browser": "zen-browser"
      }
    },
    "rust-analyzer-src": {
      "flake": false,
      "locked": {
        "lastModified": 1748695646,
        "narHash": "sha256-VwSuuRF4NvAoeHZJRRlX8zAFZ+nZyuiIvmVqBAX0Bcg=",
        "owner": "rust-lang",
        "repo": "rust-analyzer",
        "rev": "2a388d1103450d814a84eda98efe89c01b158343",
        "type": "github"
      },
      "original": {
        "owner": "rust-lang",
        "ref": "nightly",
        "repo": "rust-analyzer",
        "type": "github"
      }
    },
    "scripts": {
      "inputs": {
        "nixpkgs": [
          "nixpkgs"
        ]
      },
      "locked": {
        "lastModified": 1749218476,
        "narHash": "sha256-bb45AzKUC0Fg3LQeg1m4E3aW5OfXNioVlAzrzJ6akl4=",
        "owner": "chilipizdrick",
        "repo": "nix-scripts",
        "rev": "e286e3af014356cd14a0a1727d72b1af46f75472",
        "type": "github"
      },
      "original": {
        "owner": "chilipizdrick",
        "repo": "nix-scripts",
        "type": "github"
      }
    },
    "sl1": {
      "inputs": {
        "flake-parts": [
          "flake-parts"
        ],
        "nixpkgs": [
          "nixpkgs"
        ]
      },
      "locked": {
        "lastModified": 1748953459,
        "narHash": "sha256-acVE+i1oqmcYDOuscQWhnoy2laGw8fsZbWHh3uTQcns=",
        "owner": "chilipizdrick",
        "repo": "sl1",
        "rev": "fd5283009780462a10abc2fd2302f8b5406bccc6",
        "type": "github"
      },
      "original": {
        "owner": "chilipizdrick",
        "repo": "sl1",
        "type": "github"
      }
    },
    "spicetify-nix": {
      "inputs": {
        "nixpkgs": [
          "nixpkgs"
        ],
        "systems": [
          "systems"
        ]
      },
      "locked": {
        "lastModified": 1749961984,
        "narHash": "sha256-1Nmycj9cVUIkoDsVEn9k8SGMS9V+BcBUL+rDXNapslw=",
        "owner": "Gerg-L",
        "repo": "spicetify-nix",
        "rev": "c9f12a733e8edcf8d408ccd178c1a11e753ffa08",
        "type": "github"
      },
      "original": {
        "owner": "Gerg-L",
        "repo": "spicetify-nix",
        "type": "github"
      }
    },
    "systems": {
      "locked": {
        "lastModified": 1681028828,
        "narHash": "sha256-Vy1rq5AaRuLzOxct8nz4T6wlgyUR7zLU309k9mBC768=",
        "owner": "nix-systems",
        "repo": "default",
        "rev": "da67096a3b9bf56a91d16901293e51ba5b49a27e",
        "type": "github"
      },
      "original": {
        "owner": "nix-systems",
        "repo": "default",
        "type": "github"
      }
    },
    "wallpapers": {
      "flake": false,
      "locked": {
        "lastModified": 1747046124,
        "narHash": "sha256-Zi9h8Ky2BkK6GgVkirq6241cIf+nMfk6CdozY1TZ92M=",
        "owner": "chilipizdrick",
        "repo": "wallpapers",
        "rev": "15c8151f0e2312ee74f491b3264cd7c521c43ef1",
        "type": "github"
      },
      "original": {
        "owner": "chilipizdrick",
        "repo": "wallpapers",
        "type": "github"
      }
    },
    "zen-browser": {
      "inputs": {
        "home-manager": [
          "home-manager"
        ],
        "nixpkgs": [
          "nixpkgs"
        ]
      },
      "locked": {
        "lastModified": 1749982886,
        "narHash": "sha256-v64Bz3dJGpoznDK55+6g58P5jjP9dLLPDMSVv6eCsRc=",
        "owner": "0xc000022070",
        "repo": "zen-browser-flake",
        "rev": "e3ea161123e576ee049f1c8ec05d877ffbb7014c",
        "type": "github"
      },
      "original": {
        "owner": "0xc000022070",
        "repo": "zen-browser-flake",
        "type": "github"
      }
    }
  },
  "root": "root",
  "version": 7
}
